
Microsoft Visual Studio Solution File, Format Version 12.00
# Visual Studio Version 16
VisualStudioVersion = 16.0.31702.278
MinimumVisualStudioVersion = 10.0.40219.1
Project("{FAE04EC0-301F-11D3-BF4B-00C04F79EFBC}") = "Solomon_Andrei_proiect", "Solomon_Andrei_proiect.csproj", "{DE630033-CE7C-4BA3-83AE-9FE15485C532}"
EndProject
Project("{FAE04EC0-301F-11D3-BF4B-00C04F79EFBC}") = "SalaFitnessModel", "..\SalaFitnessModel\SalaFitnessModel.csproj", "{567C9124-1543-4C74-93AD-C7514F1FC81D}"
EndProject
Global
	GlobalSection(SolutionConfigurationPlatforms) = preSolution
		Debug|Any CPU = Debug|Any CPU
		Release|Any CPU = Release|Any CPU
	EndGlobalSection
	GlobalSection(ProjectConfigurationPlatforms) = postSolution
		{DE630033-CE7C-4BA3-83AE-9FE15485C532}.Debug|Any CPU.ActiveCfg = Debug|Any CPU
		{DE630033-CE7C-4BA3-83AE-9FE15485C532}.Debug|Any CPU.Build.0 = Debug|Any CPU
		{DE630033-CE7C-4BA3-83AE-9FE15485C532}.Release|Any CPU.ActiveCfg = Release|Any CPU
		{DE630033-CE7C-4BA3-83AE-9FE15485C532}.Release|Any CPU.Build.0 = Release|Any CPU
		{567C9124-1543-4C74-93AD-C7514F1FC81D}.Debug|Any CPU.ActiveCfg = Debug|Any CPU
		{567C9124-1543-4C74-93AD-C7514F1FC81D}.Debug|Any CPU.Build.0 = Debug|Any CPU
		{567C9124-1543-4C74-93AD-C7514F1FC81D}.Release|Any CPU.ActiveCfg = Release|Any CPU
		{567C9124-1543-4C74-93AD-C7514F1FC81D}.Release|Any CPU.Build.0 = Release|Any CPU
	EndGlobalSection
	GlobalSection(SolutionProperties) = preSolution
		HideSolutionNode = FALSE
	EndGlobalSection
	GlobalSection(ExtensibilityGlobals) = postSolution
		SolutionGuid = {6011B029-6146-426D-9034-1611418D016F}
	EndGlobalSection
EndGlobal
